// !$*UTF8*$!
{
	archiveVersion = 1;
	classes = {
	};
	objectVersion = 50;
	objects = {

/* Begin PBXBuildFile section */
		41C30FF32586499300F87BA0 /* main.swift in Sources */ = {isa = PBXBuildFile; fileRef = 41C30FF22586499300F87BA0 /* main.swift */; };
		41C3102C25864CEE00F87BA0 /* Stack.swift in Sources */ = {isa = PBXBuildFile; fileRef = 41C3102B25864CED00F87BA0 /* Stack.swift */; };
		41C3103A25864D1500F87BA0 /* DecimalOperator.swift in Sources */ = {isa = PBXBuildFile; fileRef = 41C3102F25864D1500F87BA0 /* DecimalOperator.swift */; };
		41C3103B25864D1500F87BA0 /* IntegerOperand.swift in Sources */ = {isa = PBXBuildFile; fileRef = 41C3103025864D1500F87BA0 /* IntegerOperand.swift */; };
		41C3103C25864D1500F87BA0 /* RealNumberOperand.swift in Sources */ = {isa = PBXBuildFile; fileRef = 41C3103125864D1500F87BA0 /* RealNumberOperand.swift */; };
		41C3103D25864D1500F87BA0 /* DecimalOperatorPrecedence.swift in Sources */ = {isa = PBXBuildFile; fileRef = 41C3103225864D1500F87BA0 /* DecimalOperatorPrecedence.swift */; };
		41C3103E25864D1500F87BA0 /* DecimalExpressionAnalyzer.swift in Sources */ = {isa = PBXBuildFile; fileRef = 41C3103425864D1500F87BA0 /* DecimalExpressionAnalyzer.swift */; };
		41C3103F25864D1500F87BA0 /* DecimalTokenAnalyzer.swift in Sources */ = {isa = PBXBuildFile; fileRef = 41C3103525864D1500F87BA0 /* DecimalTokenAnalyzer.swift */; };
		41C3104025864D1500F87BA0 /* DecimalToken.swift in Sources */ = {isa = PBXBuildFile; fileRef = 41C3103625864D1500F87BA0 /* DecimalToken.swift */; };
		41C3104125864D1500F87BA0 /* DecimalCalculation.swift in Sources */ = {isa = PBXBuildFile; fileRef = 41C3103825864D1500F87BA0 /* DecimalCalculation.swift */; };
		41C3104225864D1500F87BA0 /* DecimalCalculator.swift in Sources */ = {isa = PBXBuildFile; fileRef = 41C3103925864D1500F87BA0 /* DecimalCalculator.swift */; };
		41C3104F25864D2B00F87BA0 /* BinaryExpressionAnalyzer.swift in Sources */ = {isa = PBXBuildFile; fileRef = 41C3104525864D2A00F87BA0 /* BinaryExpressionAnalyzer.swift */; };
		41C3105025864D2B00F87BA0 /* BinaryTokenAnalyzer.swift in Sources */ = {isa = PBXBuildFile; fileRef = 41C3104625864D2A00F87BA0 /* BinaryTokenAnalyzer.swift */; };
		41C3105125864D2B00F87BA0 /* BinaryToken.swift in Sources */ = {isa = PBXBuildFile; fileRef = 41C3104725864D2A00F87BA0 /* BinaryToken.swift */; };
		41C3105225864D2B00F87BA0 /* BinaryOperator.swift in Sources */ = {isa = PBXBuildFile; fileRef = 41C3104925864D2B00F87BA0 /* BinaryOperator.swift */; };
		41C3105325864D2B00F87BA0 /* BinaryOperatorPrecedence.swift in Sources */ = {isa = PBXBuildFile; fileRef = 41C3104A25864D2B00F87BA0 /* BinaryOperatorPrecedence.swift */; };
		41C3105425864D2B00F87BA0 /* BinaryOperand.swift in Sources */ = {isa = PBXBuildFile; fileRef = 41C3104B25864D2B00F87BA0 /* BinaryOperand.swift */; };
		41C3105525864D2B00F87BA0 /* BinaryCalculation.swift in Sources */ = {isa = PBXBuildFile; fileRef = 41C3104D25864D2B00F87BA0 /* BinaryCalculation.swift */; };
		41C3105625864D2B00F87BA0 /* BinaryCalculator.swift in Sources */ = {isa = PBXBuildFile; fileRef = 41C3104E25864D2B00F87BA0 /* BinaryCalculator.swift */; };
/* End PBXBuildFile section */

/* Begin PBXCopyFilesBuildPhase section */
		41C30FED2586499300F87BA0 /* CopyFiles */ = {
			isa = PBXCopyFilesBuildPhase;
			buildActionMask = 2147483647;
			dstPath = /usr/share/man/man1/;
			dstSubfolderSpec = 0;
			files = (
			);
			runOnlyForDeploymentPostprocessing = 1;
		};
/* End PBXCopyFilesBuildPhase section */

/* Begin PBXFileReference section */
		41C30FEF2586499300F87BA0 /* Calculator */ = {isa = PBXFileReference; explicitFileType = "compiled.mach-o.executable"; includeInIndex = 0; path = Calculator; sourceTree = BUILT_PRODUCTS_DIR; };
		41C30FF22586499300F87BA0 /* main.swift */ = {isa = PBXFileReference; lastKnownFileType = sourcecode.swift; path = main.swift; sourceTree = "<group>"; };
		41C3102B25864CED00F87BA0 /* Stack.swift */ = {isa = PBXFileReference; fileEncoding = 4; lastKnownFileType = sourcecode.swift; path = Stack.swift; sourceTree = "<group>"; };
		41C3102F25864D1500F87BA0 /* DecimalOperator.swift */ = {isa = PBXFileReference; fileEncoding = 4; lastKnownFileType = sourcecode.swift; path = DecimalOperator.swift; sourceTree = "<group>"; };
		41C3103025864D1500F87BA0 /* IntegerOperand.swift */ = {isa = PBXFileReference; fileEncoding = 4; lastKnownFileType = sourcecode.swift; path = IntegerOperand.swift; sourceTree = "<group>"; };
		41C3103125864D1500F87BA0 /* RealNumberOperand.swift */ = {isa = PBXFileReference; fileEncoding = 4; lastKnownFileType = sourcecode.swift; path = RealNumberOperand.swift; sourceTree = "<group>"; };
		41C3103225864D1500F87BA0 /* DecimalOperatorPrecedence.swift */ = {isa = PBXFileReference; fileEncoding = 4; lastKnownFileType = sourcecode.swift; path = DecimalOperatorPrecedence.swift; sourceTree = "<group>"; };
		41C3103425864D1500F87BA0 /* DecimalExpressionAnalyzer.swift */ = {isa = PBXFileReference; fileEncoding = 4; lastKnownFileType = sourcecode.swift; path = DecimalExpressionAnalyzer.swift; sourceTree = "<group>"; };
		41C3103525864D1500F87BA0 /* DecimalTokenAnalyzer.swift */ = {isa = PBXFileReference; fileEncoding = 4; lastKnownFileType = sourcecode.swift; path = DecimalTokenAnalyzer.swift; sourceTree = "<group>"; };
		41C3103625864D1500F87BA0 /* DecimalToken.swift */ = {isa = PBXFileReference; fileEncoding = 4; lastKnownFileType = sourcecode.swift; path = DecimalToken.swift; sourceTree = "<group>"; };
		41C3103825864D1500F87BA0 /* DecimalCalculation.swift */ = {isa = PBXFileReference; fileEncoding = 4; lastKnownFileType = sourcecode.swift; path = DecimalCalculation.swift; sourceTree = "<group>"; };
		41C3103925864D1500F87BA0 /* DecimalCalculator.swift */ = {isa = PBXFileReference; fileEncoding = 4; lastKnownFileType = sourcecode.swift; path = DecimalCalculator.swift; sourceTree = "<group>"; };
		41C3104525864D2A00F87BA0 /* BinaryExpressionAnalyzer.swift */ = {isa = PBXFileReference; fileEncoding = 4; lastKnownFileType = sourcecode.swift; path = BinaryExpressionAnalyzer.swift; sourceTree = "<group>"; };
		41C3104625864D2A00F87BA0 /* BinaryTokenAnalyzer.swift */ = {isa = PBXFileReference; fileEncoding = 4; lastKnownFileType = sourcecode.swift; path = BinaryTokenAnalyzer.swift; sourceTree = "<group>"; };
		41C3104725864D2A00F87BA0 /* BinaryToken.swift */ = {isa = PBXFileReference; fileEncoding = 4; lastKnownFileType = sourcecode.swift; path = BinaryToken.swift; sourceTree = "<group>"; };
		41C3104925864D2B00F87BA0 /* BinaryOperator.swift */ = {isa = PBXFileReference; fileEncoding = 4; lastKnownFileType = sourcecode.swift; path = BinaryOperator.swift; sourceTree = "<group>"; };
		41C3104A25864D2B00F87BA0 /* BinaryOperatorPrecedence.swift */ = {isa = PBXFileReference; fileEncoding = 4; lastKnownFileType = sourcecode.swift; path = BinaryOperatorPrecedence.swift; sourceTree = "<group>"; };
		41C3104B25864D2B00F87BA0 /* BinaryOperand.swift */ = {isa = PBXFileReference; fileEncoding = 4; lastKnownFileType = sourcecode.swift; path = BinaryOperand.swift; sourceTree = "<group>"; };
		41C3104D25864D2B00F87BA0 /* BinaryCalculation.swift */ = {isa = PBXFileReference; fileEncoding = 4; lastKnownFileType = sourcecode.swift; path = BinaryCalculation.swift; sourceTree = "<group>"; };
		41C3104E25864D2B00F87BA0 /* BinaryCalculator.swift */ = {isa = PBXFileReference; fileEncoding = 4; lastKnownFileType = sourcecode.swift; path = BinaryCalculator.swift; sourceTree = "<group>"; };
/* End PBXFileReference section */

/* Begin PBXFrameworksBuildPhase section */
		41C30FEC2586499300F87BA0 /* Frameworks */ = {
			isa = PBXFrameworksBuildPhase;
			buildActionMask = 2147483647;
			files = (
			);
			runOnlyForDeploymentPostprocessing = 0;
		};
/* End PBXFrameworksBuildPhase section */

/* Begin PBXGroup section */
		41C30FE62586499300F87BA0 = {
			isa = PBXGroup;
			children = (
				41C3102A25864CED00F87BA0 /* Data Type */,
				41C3103325864D1500F87BA0 /* DecimalAnalyzer */,
				41C3102E25864D1500F87BA0 /* DecimalOperation */,
				41C3103725864D1500F87BA0 /* DecimalCalculator */,
				41C3104425864D2A00F87BA0 /* BinaryAnalyzer */,
				41C3104825864D2B00F87BA0 /* BinaryOperation */,
				41C3104C25864D2B00F87BA0 /* BinaryCalculator */,
				41C30FF12586499300F87BA0 /* Calculator */,
				41C30FF02586499300F87BA0 /* Products */,
			);
			sourceTree = "<group>";
		};
		41C30FF02586499300F87BA0 /* Products */ = {
			isa = PBXGroup;
			children = (
				41C30FEF2586499300F87BA0 /* Calculator */,
			);
			name = Products;
			sourceTree = "<group>";
		};
		41C30FF12586499300F87BA0 /* Calculator */ = {
			isa = PBXGroup;
			children = (
				41C30FF22586499300F87BA0 /* main.swift */,
			);
			path = Calculator;
			sourceTree = "<group>";
		};
		41C3102A25864CED00F87BA0 /* Data Type */ = {
			isa = PBXGroup;
			children = (
				41C3102B25864CED00F87BA0 /* Stack.swift */,
			);
			path = "Data Type";
			sourceTree = "<group>";
		};
		41C3102E25864D1500F87BA0 /* DecimalOperation */ = {
			isa = PBXGroup;
			children = (
				41C3102F25864D1500F87BA0 /* DecimalOperator.swift */,
				41C3103025864D1500F87BA0 /* IntegerOperand.swift */,
				41C3103125864D1500F87BA0 /* RealNumberOperand.swift */,
				41C3103225864D1500F87BA0 /* DecimalOperatorPrecedence.swift */,
			);
			path = DecimalOperation;
			sourceTree = "<group>";
		};
		41C3103325864D1500F87BA0 /* DecimalAnalyzer */ = {
			isa = PBXGroup;
			children = (
				41C3103625864D1500F87BA0 /* DecimalToken.swift */,
				41C3103425864D1500F87BA0 /* DecimalExpressionAnalyzer.swift */,
				41C3103525864D1500F87BA0 /* DecimalTokenAnalyzer.swift */,
			);
			path = DecimalAnalyzer;
			sourceTree = "<group>";
		};
		41C3103725864D1500F87BA0 /* DecimalCalculator */ = {
			isa = PBXGroup;
			children = (
				41C3103825864D1500F87BA0 /* DecimalCalculation.swift */,
				41C3103925864D1500F87BA0 /* DecimalCalculator.swift */,
			);
			path = DecimalCalculator;
			sourceTree = "<group>";
		};
		41C3104425864D2A00F87BA0 /* BinaryAnalyzer */ = {
			isa = PBXGroup;
			children = (
				41C3104525864D2A00F87BA0 /* BinaryExpressionAnalyzer.swift */,
				41C3104625864D2A00F87BA0 /* BinaryTokenAnalyzer.swift */,
				41C3104725864D2A00F87BA0 /* BinaryToken.swift */,
			);
			path = BinaryAnalyzer;
			sourceTree = "<group>";
		};
		41C3104825864D2B00F87BA0 /* BinaryOperation */ = {
			isa = PBXGroup;
			children = (
				41C3104925864D2B00F87BA0 /* BinaryOperator.swift */,
				41C3104A25864D2B00F87BA0 /* BinaryOperatorPrecedence.swift */,
				41C3104B25864D2B00F87BA0 /* BinaryOperand.swift */,
			);
			path = BinaryOperation;
			sourceTree = "<group>";
		};
		41C3104C25864D2B00F87BA0 /* BinaryCalculator */ = {
			isa = PBXGroup;
			children = (
				41C3104D25864D2B00F87BA0 /* BinaryCalculation.swift */,
				41C3104E25864D2B00F87BA0 /* BinaryCalculator.swift */,
			);
			path = BinaryCalculator;
			sourceTree = "<group>";
		};
/* End PBXGroup section */

/* Begin PBXNativeTarget section */
		41C30FEE2586499300F87BA0 /* Calculator */ = {
			isa = PBXNativeTarget;
			buildConfigurationList = 41C30FF62586499300F87BA0 /* Build configuration list for PBXNativeTarget "Calculator" */;
			buildPhases = (
				41C30FEB2586499300F87BA0 /* Sources */,
				41C30FEC2586499300F87BA0 /* Frameworks */,
				41C30FED2586499300F87BA0 /* CopyFiles */,
			);
			buildRules = (
			);
			dependencies = (
			);
			name = Calculator;
			productName = Calculator;
			productReference = 41C30FEF2586499300F87BA0 /* Calculator */;
			productType = "com.apple.product-type.tool";
		};
/* End PBXNativeTarget section */

/* Begin PBXProject section */
		41C30FE72586499300F87BA0 /* Project object */ = {
			isa = PBXProject;
			attributes = {
				LastSwiftUpdateCheck = 1220;
				LastUpgradeCheck = 1220;
				TargetAttributes = {
					41C30FEE2586499300F87BA0 = {
						CreatedOnToolsVersion = 12.2;
					};
				};
			};
			buildConfigurationList = 41C30FEA2586499300F87BA0 /* Build configuration list for PBXProject "Calculator" */;
			compatibilityVersion = "Xcode 9.3";
			developmentRegion = en;
			hasScannedForEncodings = 0;
			knownRegions = (
				en,
				Base,
			);
			mainGroup = 41C30FE62586499300F87BA0;
			productRefGroup = 41C30FF02586499300F87BA0 /* Products */;
			projectDirPath = "";
			projectRoot = "";
			targets = (
				41C30FEE2586499300F87BA0 /* Calculator */,
			);
		};
/* End PBXProject section */

/* Begin PBXSourcesBuildPhase section */
		41C30FEB2586499300F87BA0 /* Sources */ = {
			isa = PBXSourcesBuildPhase;
			buildActionMask = 2147483647;
			files = (
				41C3102C25864CEE00F87BA0 /* Stack.swift in Sources */,
				41C3104025864D1500F87BA0 /* DecimalToken.swift in Sources */,
				41C3105125864D2B00F87BA0 /* BinaryToken.swift in Sources */,
				41C3105625864D2B00F87BA0 /* BinaryCalculator.swift in Sources */,
				41C3103C25864D1500F87BA0 /* RealNumberOperand.swift in Sources */,
				41C3105025864D2B00F87BA0 /* BinaryTokenAnalyzer.swift in Sources */,
				41C3105225864D2B00F87BA0 /* BinaryOperator.swift in Sources */,
				41C3103A25864D1500F87BA0 /* DecimalOperator.swift in Sources */,
				41C3104F25864D2B00F87BA0 /* BinaryExpressionAnalyzer.swift in Sources */,
				41C3105325864D2B00F87BA0 /* BinaryOperatorPrecedence.swift in Sources */,
				41C3103F25864D1500F87BA0 /* DecimalTokenAnalyzer.swift in Sources */,
				41C3104125864D1500F87BA0 /* DecimalCalculation.swift in Sources */,
				41C3103D25864D1500F87BA0 /* DecimalOperatorPrecedence.swift in Sources */,
				41C3105525864D2B00F87BA0 /* BinaryCalculation.swift in Sources */,
				41C3105425864D2B00F87BA0 /* BinaryOperand.swift in Sources */,
				41C3103E25864D1500F87BA0 /* DecimalExpressionAnalyzer.swift in Sources */,
				41C3104225864D1500F87BA0 /* DecimalCalculator.swift in Sources */,
				41C3103B25864D1500F87BA0 /* IntegerOperand.swift in Sources */,
				41C30FF32586499300F87BA0 /* main.swift in Sources */,
			);
			runOnlyForDeploymentPostprocessing = 0;
		};
/* End PBXSourcesBuildPhase section */

/* Begin XCBuildConfiguration section */
		41C30FF42586499300F87BA0 /* Debug */ = {
			isa = XCBuildConfiguration;
			buildSettings = {
				ALWAYS_SEARCH_USER_PATHS = NO;
				CLANG_ANALYZER_NONNULL = YES;
				CLANG_ANALYZER_NUMBER_OBJECT_CONVERSION = YES_AGGRESSIVE;
				CLANG_CXX_LANGUAGE_STANDARD = "gnu++14";
				CLANG_CXX_LIBRARY = "libc++";
				CLANG_ENABLE_MODULES = YES;
				CLANG_ENABLE_OBJC_ARC = YES;
				CLANG_ENABLE_OBJC_WEAK = YES;
				CLANG_WARN_BLOCK_CAPTURE_AUTORELEASING = YES;
				CLANG_WARN_BOOL_CONVERSION = YES;
				CLANG_WARN_COMMA = YES;
				CLANG_WARN_CONSTANT_CONVERSION = YES;
				CLANG_WARN_DEPRECATED_OBJC_IMPLEMENTATIONS = YES;
				CLANG_WARN_DIRECT_OBJC_ISA_USAGE = YES_ERROR;
				CLANG_WARN_DOCUMENTATION_COMMENTS = YES;
				CLANG_WARN_EMPTY_BODY = YES;
				CLANG_WARN_ENUM_CONVERSION = YES;
				CLANG_WARN_INFINITE_RECURSION = YES;
				CLANG_WARN_INT_CONVERSION = YES;
				CLANG_WARN_NON_LITERAL_NULL_CONVERSION = YES;
				CLANG_WARN_OBJC_IMPLICIT_RETAIN_SELF = YES;
				CLANG_WARN_OBJC_LITERAL_CONVERSION = YES;
				CLANG_WARN_OBJC_ROOT_CLASS = YES_ERROR;
				CLANG_WARN_QUOTED_INCLUDE_IN_FRAMEWORK_HEADER = YES;
				CLANG_WARN_RANGE_LOOP_ANALYSIS = YES;
				CLANG_WARN_STRICT_PROTOTYPES = YES;
				CLANG_WARN_SUSPICIOUS_MOVE = YES;
				CLANG_WARN_UNGUARDED_AVAILABILITY = YES_AGGRESSIVE;
				CLANG_WARN_UNREACHABLE_CODE = YES;
				CLANG_WARN__DUPLICATE_METHOD_MATCH = YES;
				COPY_PHASE_STRIP = NO;
				DEBUG_INFORMATION_FORMAT = dwarf;
				ENABLE_STRICT_OBJC_MSGSEND = YES;
				ENABLE_TESTABILITY = YES;
				GCC_C_LANGUAGE_STANDARD = gnu11;
				GCC_DYNAMIC_NO_PIC = NO;
				GCC_NO_COMMON_BLOCKS = YES;
				GCC_OPTIMIZATION_LEVEL = 0;
				GCC_PREPROCESSOR_DEFINITIONS = (
					"DEBUG=1",
					"$(inherited)",
				);
				GCC_WARN_64_TO_32_BIT_CONVERSION = YES;
				GCC_WARN_ABOUT_RETURN_TYPE = YES_ERROR;
				GCC_WARN_UNDECLARED_SELECTOR = YES;
				GCC_WARN_UNINITIALIZED_AUTOS = YES_AGGRESSIVE;
				GCC_WARN_UNUSED_FUNCTION = YES;
				GCC_WARN_UNUSED_VARIABLE = YES;
				MACOSX_DEPLOYMENT_TARGET = 11.0;
				MTL_ENABLE_DEBUG_INFO = INCLUDE_SOURCE;
				MTL_FAST_MATH = YES;
				ONLY_ACTIVE_ARCH = YES;
				SDKROOT = macosx;
				SWIFT_ACTIVE_COMPILATION_CONDITIONS = DEBUG;
				SWIFT_OPTIMIZATION_LEVEL = "-Onone";
			};
			name = Debug;
		};
		41C30FF52586499300F87BA0 /* Release */ = {
			isa = XCBuildConfiguration;
			buildSettings = {
				ALWAYS_SEARCH_USER_PATHS = NO;
				CLANG_ANALYZER_NONNULL = YES;
				CLANG_ANALYZER_NUMBER_OBJECT_CONVERSION = YES_AGGRESSIVE;
				CLANG_CXX_LANGUAGE_STANDARD = "gnu++14";
				CLANG_CXX_LIBRARY = "libc++";
				CLANG_ENABLE_MODULES = YES;
				CLANG_ENABLE_OBJC_ARC = YES;
				CLANG_ENABLE_OBJC_WEAK = YES;
				CLANG_WARN_BLOCK_CAPTURE_AUTORELEASING = YES;
				CLANG_WARN_BOOL_CONVERSION = YES;
				CLANG_WARN_COMMA = YES;
				CLANG_WARN_CONSTANT_CONVERSION = YES;
				CLANG_WARN_DEPRECATED_OBJC_IMPLEMENTATIONS = YES;
				CLANG_WARN_DIRECT_OBJC_ISA_USAGE = YES_ERROR;
				CLANG_WARN_DOCUMENTATION_COMMENTS = YES;
				CLANG_WARN_EMPTY_BODY = YES;
				CLANG_WARN_ENUM_CONVERSION = YES;
				CLANG_WARN_INFINITE_RECURSION = YES;
				CLANG_WARN_INT_CONVERSION = YES;
				CLANG_WARN_NON_LITERAL_NULL_CONVERSION = YES;
				CLANG_WARN_OBJC_IMPLICIT_RETAIN_SELF = YES;
				CLANG_WARN_OBJC_LITERAL_CONVERSION = YES;
				CLANG_WARN_OBJC_ROOT_CLASS = YES_ERROR;
				CLANG_WARN_QUOTED_INCLUDE_IN_FRAMEWORK_HEADER = YES;
				CLANG_WARN_RANGE_LOOP_ANALYSIS = YES;
				CLANG_WARN_STRICT_PROTOTYPES = YES;
				CLANG_WARN_SUSPICIOUS_MOVE = YES;
				CLANG_WARN_UNGUARDED_AVAILABILITY = YES_AGGRESSIVE;
				CLANG_WARN_UNREACHABLE_CODE = YES;
				CLANG_WARN__DUPLICATE_METHOD_MATCH = YES;
				COPY_PHASE_STRIP = NO;
				DEBUG_INFORMATION_FORMAT = "dwarf-with-dsym";
				ENABLE_NS_ASSERTIONS = NO;
				ENABLE_STRICT_OBJC_MSGSEND = YES;
				GCC_C_LANGUAGE_STANDARD = gnu11;
				GCC_NO_COMMON_BLOCKS = YES;
				GCC_WARN_64_TO_32_BIT_CONVERSION = YES;
				GCC_WARN_ABOUT_RETURN_TYPE = YES_ERROR;
				GCC_WARN_UNDECLARED_SELECTOR = YES;
				GCC_WARN_UNINITIALIZED_AUTOS = YES_AGGRESSIVE;
				GCC_WARN_UNUSED_FUNCTION = YES;
				GCC_WARN_UNUSED_VARIABLE = YES;
				MACOSX_DEPLOYMENT_TARGET = 11.0;
				MTL_ENABLE_DEBUG_INFO = NO;
				MTL_FAST_MATH = YES;
				SDKROOT = macosx;
				SWIFT_COMPILATION_MODE = wholemodule;
				SWIFT_OPTIMIZATION_LEVEL = "-O";
			};
			name = Release;
		};
		41C30FF72586499300F87BA0 /* Debug */ = {
			isa = XCBuildConfiguration;
			buildSettings = {
				CODE_SIGN_STYLE = Automatic;
				PRODUCT_NAME = "$(TARGET_NAME)";
				SWIFT_VERSION = 5.0;
			};
			name = Debug;
		};
		41C30FF82586499300F87BA0 /* Release */ = {
			isa = XCBuildConfiguration;
			buildSettings = {
				CODE_SIGN_STYLE = Automatic;
				PRODUCT_NAME = "$(TARGET_NAME)";
				SWIFT_VERSION = 5.0;
			};
			name = Release;
		};
/* End XCBuildConfiguration section */

/* Begin XCConfigurationList section */
		41C30FEA2586499300F87BA0 /* Build configuration list for PBXProject "Calculator" */ = {
			isa = XCConfigurationList;
			buildConfigurations = (
				41C30FF42586499300F87BA0 /* Debug */,
				41C30FF52586499300F87BA0 /* Release */,
			);
			defaultConfigurationIsVisible = 0;
			defaultConfigurationName = Release;
		};
		41C30FF62586499300F87BA0 /* Build configuration list for PBXNativeTarget "Calculator" */ = {
			isa = XCConfigurationList;
			buildConfigurations = (
				41C30FF72586499300F87BA0 /* Debug */,
				41C30FF82586499300F87BA0 /* Release */,
			);
			defaultConfigurationIsVisible = 0;
			defaultConfigurationName = Release;
		};
/* End XCConfigurationList section */
	};
	rootObject = 41C30FE72586499300F87BA0 /* Project object */;
}
